
Microsoft Visual Studio Solution File, Format Version 12.00
Project("{FAE04EC0-301F-11D3-BF4B-00C04F79EFBC}") = "ReverseAnArray", "ReverseAnArray\ReverseAnArray.csproj", "{E4401362-A60A-4CA5-B65D-D949BE88BA52}"
EndProject
Global
	GlobalSection(SolutionConfigurationPlatforms) = preSolution
		Debug|Any CPU = Debug|Any CPU
		Release|Any CPU = Release|Any CPU
	EndGlobalSection
	GlobalSection(ProjectConfigurationPlatforms) = postSolution
		{E4401362-A60A-4CA5-B65D-D949BE88BA52}.Debug|Any CPU.ActiveCfg = Debug|Any CPU
		{E4401362-A60A-4CA5-B65D-D949BE88BA52}.Debug|Any CPU.Build.0 = Debug|Any CPU
		{E4401362-A60A-4CA5-B65D-D949BE88BA52}.Release|Any CPU.ActiveCfg = Release|Any CPU
		{E4401362-A60A-4CA5-B65D-D949BE88BA52}.Release|Any CPU.Build.0 = Release|Any CPU
	EndGlobalSection
EndGlobal
